
Microsoft Visual Studio Solution File, Format Version 12.00
# Visual Studio Version 17
VisualStudioVersion = 17.0.31903.59
MinimumVisualStudioVersion = 10.0.40219.1
Project("{2150E333-8FDC-42A3-9474-1A3956D46DE8}") = "Sixth Semester", "Sixth Semester", "{4A3997C1-7813-AA4C-4C1E-BC9C0AC06F85}"
EndProject
Project("{2150E333-8FDC-42A3-9474-1A3956D46DE8}") = "Net Centric Computing", "Net Centric Computing", "{5E33B7C5-0DBA-96CE-499A-3CDF014EBAE5}"
EndProject
Project("{FAE04EC0-301F-11D3-BF4B-00C04F79EFBC}") = "ConsoleApp", "Sixth Semester\Net Centric Computing\ConsoleApp\ConsoleApp.csproj", "{2116FB86-5A58-4E90-AC77-432D8FF976E9}"
EndProject
Global
	GlobalSection(SolutionConfigurationPlatforms) = preSolution
		Debug|Any CPU = Debug|Any CPU
		Debug|x64 = Debug|x64
		Debug|x86 = Debug|x86
		Release|Any CPU = Release|Any CPU
		Release|x64 = Release|x64
		Release|x86 = Release|x86
	EndGlobalSection
	GlobalSection(ProjectConfigurationPlatforms) = postSolution
		{2116FB86-5A58-4E90-AC77-432D8FF976E9}.Debug|Any CPU.ActiveCfg = Debug|Any CPU
		{2116FB86-5A58-4E90-AC77-432D8FF976E9}.Debug|Any CPU.Build.0 = Debug|Any CPU
		{2116FB86-5A58-4E90-AC77-432D8FF976E9}.Debug|x64.ActiveCfg = Debug|Any CPU
		{2116FB86-5A58-4E90-AC77-432D8FF976E9}.Debug|x64.Build.0 = Debug|Any CPU
		{2116FB86-5A58-4E90-AC77-432D8FF976E9}.Debug|x86.ActiveCfg = Debug|Any CPU
		{2116FB86-5A58-4E90-AC77-432D8FF976E9}.Debug|x86.Build.0 = Debug|Any CPU
		{2116FB86-5A58-4E90-AC77-432D8FF976E9}.Release|Any CPU.ActiveCfg = Release|Any CPU
		{2116FB86-5A58-4E90-AC77-432D8FF976E9}.Release|Any CPU.Build.0 = Release|Any CPU
		{2116FB86-5A58-4E90-AC77-432D8FF976E9}.Release|x64.ActiveCfg = Release|Any CPU
		{2116FB86-5A58-4E90-AC77-432D8FF976E9}.Release|x64.Build.0 = Release|Any CPU
		{2116FB86-5A58-4E90-AC77-432D8FF976E9}.Release|x86.ActiveCfg = Release|Any CPU
		{2116FB86-5A58-4E90-AC77-432D8FF976E9}.Release|x86.Build.0 = Release|Any CPU
	EndGlobalSection
	GlobalSection(SolutionProperties) = preSolution
		HideSolutionNode = FALSE
	EndGlobalSection
	GlobalSection(NestedProjects) = preSolution
		{5E33B7C5-0DBA-96CE-499A-3CDF014EBAE5} = {4A3997C1-7813-AA4C-4C1E-BC9C0AC06F85}
		{2116FB86-5A58-4E90-AC77-432D8FF976E9} = {5E33B7C5-0DBA-96CE-499A-3CDF014EBAE5}
	EndGlobalSection
EndGlobal
